<?xml version="1.0" encoding="utf-8"?>
<Project ToolsVersion="4.0" xmlns="http://schemas.microsoft.com/developer/msbuild/2003">
  <ItemGroup>
    <Filter Include="Source Files">
      <UniqueIdentifier>{4FC737F1-C7A5-4376-A066-2A32D752A2FF}</UniqueIdentifier>
      <Extensions>cpp;c;cc;cxx;def;odl;idl;hpj;bat;asm;asmx</Extensions>
    </Filter>
    <Filter Include="Header Files">
      <UniqueIdentifier>{93995380-89BD-4b04-88EB-625FBE52EBFB}</UniqueIdentifier>
      <Extensions>h;hh;hpp;hxx;hm;inl;inc;xsd</Extensions>
    </Filter>
    <Filter Include="Resource Files">
      <UniqueIdentifier>{67DA6AB6-F800-4c08-8B7A-83BB121AAD01}</UniqueIdentifier>
      <Extensions>rc;ico;cur;bmp;dlg;rc2;rct;bin;rgs;gif;jpg;jpeg;jpe;resx;tiff;tif;png;wav;mfcribbon-ms</Extensions>
    </Filter>
  </ItemGroup>
  <ItemGroup>
    <Text Include="ReadMe.txt" />
  </ItemGroup>
  <ItemGroup>
    <ClInclude Include="stdafx.h">
      <Filter>Header Files</Filter>
    </ClInclude>
    <ClInclude Include="targetver.h">
      <Filter>Header Files</Filter>
    </ClInclude>
  </ItemGroup>
  <ItemGroup>
    <ClCompile Include="stdafx.cpp">
      <Filter>Source Files</Filter>
    </ClCompile>
    <ClCompile Include="Computer_Vision.cpp">
      <Filter>Source Files</Filter>
    </ClCompile>
    <ClCompile Include="Tut1.cpp">
      <Filter>Source Files</Filter>
    </ClCompile>
    <ClCompile Include="Mirror.cpp">
      <Filter>Source Files</Filter>
    </ClCompile>
    <ClCompile Include="Circle.cpp">
      <Filter>Source Files</Filter>
    </ClCompile>
    <ClCompile Include="BGRtoGray.cpp">
      <Filter>Source Files</Filter>
    </ClCompile>
    <ClCompile Include="ToBnW.cpp">
      <Filter>Source Files</Filter>
    </ClCompile>
    <ClCompile Include="Doubleit.cpp">
      <Filter>Source Files</Filter>
    </ClCompile>
    <ClCompile Include="BGRhisto.cpp">
      <Filter>Source Files</Filter>
    </ClCompile>
    <ClCompile Include="Trackbar.cpp">
      <Filter>Source Files</Filter>
    </ClCompile>
    <ClCompile Include="RGBtrackbar.cpp">
      <Filter>Source Files</Filter>
    </ClCompile>
    <ClCompile Include="Trackbarmerge.cpp">
      <Filter>Source Files</Filter>
    </ClCompile>
    <ClCompile Include="Detectcolor.cpp">
      <Filter>Source Files</Filter>
    </ClCompile>
    <ClCompile Include="RotateImage.cpp">
      <Filter>Source Files</Filter>
    </ClCompile>
    <ClCompile Include="Filter.cpp">
      <Filter>Source Files</Filter>
    </ClCompile>
    <ClCompile Include="MedianFilter.cpp">
      <Filter>Source Files</Filter>
    </ClCompile>
    <ClCompile Include="GaussianFilter.cpp">
      <Filter>Source Files</Filter>
    </ClCompile>
    <ClCompile Include="MeanKernelTrackbar.cpp">
      <Filter>Source Files</Filter>
    </ClCompile>
    <ClCompile Include="KernelTrackbar2.cpp">
      <Filter>Source Files</Filter>
    </ClCompile>
    <ClCompile Include="GaussianSubtract.cpp">
      <Filter>Source Files</Filter>
    </ClCompile>
    <ClCompile Include="EdgeDetection.cpp">
      <Filter>Source Files</Filter>
    </ClCompile>
    <ClCompile Include="Sobelzedge.cpp">
      <Filter>Source Files</Filter>
    </ClCompile>
    <ClCompile Include="LineExtend.cpp">
      <Filter>Source Files</Filter>
    </ClCompile>
    <ClCompile Include="Dilation.cpp">
      <Filter>Source Files</Filter>
    </ClCompile>
    <ClCompile Include="canny1.cpp">
      <Filter>Source Files</Filter>
    </ClCompile>
    <ClCompile Include="BlobDetection.cpp">
      <Filter>Source Files</Filter>
    </ClCompile>
    <ClCompile Include="BlobRace1.cpp">
      <Filter>Source Files</Filter>
    </ClCompile>
    <ClCompile Include="PrewittEdge.cpp">
      <Filter>Source Files</Filter>
    </ClCompile>
    <ClCompile Include="PrewittSlopeModi.cpp">
      <Filter>Source Files</Filter>
    </ClCompile>
    <ClCompile Include="BlobEdge.cpp">
      <Filter>Source Files</Filter>
    </ClCompile>
    <ClCompile Include="HoughTransform.cpp">
      <Filter>Source Files</Filter>
    </ClCompile>
    <ClCompile Include="VideoBlob.cpp">
      <Filter>Source Files</Filter>
    </ClCompile>
    <ClCompile Include="Video1.cpp">
      <Filter>Source Files</Filter>
    </ClCompile>
    <ClCompile Include="HSV.cpp">
      <Filter>Source Files</Filter>
    </ClCompile>
    <ClCompile Include="Video2.cpp">
      <Filter>Source Files</Filter>
    </ClCompile>
    <ClCompile Include="AprroxPoly.cpp">
      <Filter>Source Files</Filter>
    </ClCompile>
    <ClCompile Include="Video3.cpp">
      <Filter>Source Files</Filter>
    </ClCompile>
    <ClCompile Include="DFS2.cpp">
      <Filter>Source Files</Filter>
    </ClCompile>
    <ClCompile Include="FindContour.cpp">
      <Filter>Source Files</Filter>
    </ClCompile>
    <ClCompile Include="FindContourVid.cpp">
      <Filter>Source Files</Filter>
    </ClCompile>
    <ClCompile Include="VideoContourTrack.cpp">
      <Filter>Source Files</Filter>
    </ClCompile>
    <ClCompile Include="Video4.cpp">
      <Filter>Source Files</Filter>
    </ClCompile>
    <ClCompile Include="VideoBlob1.cpp">
      <Filter>Source Files</Filter>
    </ClCompile>
    <ClCompile Include="Tesseract.cpp">
      <Filter>Source Files</Filter>
    </ClCompile>
    <ClCompile Include="RectCont.cpp">
      <Filter>Source Files</Filter>
    </ClCompile>
    <ClCompile Include="RectContVideo.cpp">
      <Filter>Source Files</Filter>
    </ClCompile>
    <ClCompile Include="Test.cpp">
      <Filter>Source Files</Filter>
    </ClCompile>
    <ClCompile Include="Test2.cpp">
      <Filter>Source Files</Filter>
    </ClCompile>
    <ClCompile Include="Test1.cpp">
      <Filter>Source Files</Filter>
    </ClCompile>
    <ClCompile Include="infixtopostfix.cpp">
      <Filter>Source Files</Filter>
    </ClCompile>
    <ClCompile Include="test3.cpp">
      <Filter>Source Files</Filter>
    </ClCompile>
    <ClCompile Include="test4.cpp">
      <Filter>Source Files</Filter>
    </ClCompile>
    <ClCompile Include="sheldon.cpp">
      <Filter>Source Files</Filter>
    </ClCompile>
    <ClCompile Include="SheldonRect.cpp">
      <Filter>Source Files</Filter>
    </ClCompile>
    <ClCompile Include="Sheld.cpp">
      <Filter>Source Files</Filter>
    </ClCompile>
    <ClCompile Include="FileTest.cpp">
      <Filter>Source Files</Filter>
    </ClCompile>
    <ClCompile Include="Permute.cpp">
      <Filter>Source Files</Filter>
    </ClCompile>
    <ClCompile Include="AlgoExp.cpp">
      <Filter>Source Files</Filter>
    </ClCompile>
    <ClCompile Include="StringPermute.cpp">
      <Filter>Source Files</Filter>
    </ClCompile>
    <ClCompile Include="Binary.cpp">
      <Filter>Source Files</Filter>
    </ClCompile>
    <ClCompile Include="POstfix.cpp">
      <Filter>Source Files</Filter>
    </ClCompile>
    <ClCompile Include="PermuteTest.cpp">
      <Filter>Source Files</Filter>
    </ClCompile>
    <ClCompile Include="sheldon1.cpp">
      <Filter>Source Files</Filter>
    </ClCompile>
  </ItemGroup>
</Project>